
Microsoft Visual Studio Solution File, Format Version 11.00
# Visual Studio 2010
Project("{FAE04EC0-301F-11D3-BF4B-00C04F79EFBC}") = "RPG_Mario_Hello_World", "Assembly-CSharp.csproj", "{EB4F8840-9573-1907-887B-EEB892B6798C}"
EndProject
Global
	GlobalSection(SolutionConfigurationPlatforms) = preSolution
		Debug|Any CPU = Debug|Any CPU
		Release|Any CPU = Release|Any CPU
	EndGlobalSection
	GlobalSection(ProjectConfigurationPlatforms) = postSolution
		{EB4F8840-9573-1907-887B-EEB892B6798C}.Debug|Any CPU.ActiveCfg = Debug|Any CPU
		{EB4F8840-9573-1907-887B-EEB892B6798C}.Debug|Any CPU.Build.0 = Debug|Any CPU
		{EB4F8840-9573-1907-887B-EEB892B6798C}.Release|Any CPU.ActiveCfg = Release|Any CPU
		{EB4F8840-9573-1907-887B-EEB892B6798C}.Release|Any CPU.Build.0 = Release|Any CPU
	EndGlobalSection
	GlobalSection(SolutionProperties) = preSolution
		HideSolutionNode = FALSE
	EndGlobalSection
	GlobalSection(MonoDevelopProperties) = preSolution
		StartupItem = Assembly-CSharp.csproj
	EndGlobalSection
EndGlobal
